// !$*UTF8*$!
{
	archiveVersion = 1;
	classes = {
	};
	objectVersion = 46;
	objects = {

/* Begin PBXBuildFile section */
		9DAAB0341DD5B5E900014C18 /* AppDelegate.swift in Sources */ = {isa = PBXBuildFile; fileRef = 9DAAB0331DD5B5E900014C18 /* AppDelegate.swift */; };
		9DAAB0361DD5B5E900014C18 /* ViewController.swift in Sources */ = {isa = PBXBuildFile; fileRef = 9DAAB0351DD5B5E900014C18 /* ViewController.swift */; };
		9DAAB0381DD5B5E900014C18 /* Assets.xcassets in Resources */ = {isa = PBXBuildFile; fileRef = 9DAAB0371DD5B5E900014C18 /* Assets.xcassets */; };
		9DAAB03B1DD5B5E900014C18 /* Main.storyboard in Resources */ = {isa = PBXBuildFile; fileRef = 9DAAB0391DD5B5E900014C18 /* Main.storyboard */; };
/* End PBXBuildFile section */

/* Begin PBXFileReference section */
		9DAAB0301DD5B5E900014C18 /* StorageManage.app */ = {isa = PBXFileReference; explicitFileType = wrapper.application; includeInIndex = 0; path = StorageManage.app; sourceTree = BUILT_PRODUCTS_DIR; };
		9DAAB0331DD5B5E900014C18 /* AppDelegate.swift */ = {isa = PBXFileReference; lastKnownFileType = sourcecode.swift; path = AppDelegate.swift; sourceTree = "<group>"; };
		9DAAB0351DD5B5E900014C18 /* ViewController.swift */ = {isa = PBXFileReference; lastKnownFileType = sourcecode.swift; path = ViewController.swift; sourceTree = "<group>"; };
		9DAAB0371DD5B5E900014C18 /* Assets.xcassets */ = {isa = PBXFileReference; lastKnownFileType = folder.assetcatalog; path = Assets.xcassets; sourceTree = "<group>"; };
		9DAAB03A1DD5B5E900014C18 /* Base */ = {isa = PBXFileReference; lastKnownFileType = file.storyboard; name = Base; path = Base.lproj/Main.storyboard; sourceTree = "<group>"; };
		9DAAB03C1DD5B5E900014C18 /* Info.plist */ = {isa = PBXFileReference; lastKnownFileType = text.plist.xml; path = Info.plist; sourceTree = "<group>"; };
/* End PBXFileReference section */

/* Begin PBXFrameworksBuildPhase section */
		9DAAB02D1DD5B5E900014C18 /* Frameworks */ = {
			isa = PBXFrameworksBuildPhase;
			buildActionMask = 2147483647;
			files = (
			);
			runOnlyForDeploymentPostprocessing = 0;
		};
/* End PBXFrameworksBuildPhase section */

/* Begin PBXGroup section */
		9DAAB0271DD5B5E800014C18 = {
			isa = PBXGroup;
			children = (
				9DAAB0321DD5B5E900014C18 /* StorageManage */,
				9DAAB0311DD5B5E900014C18 /* Products */,
			);
			sourceTree = "<group>";
		};
		9DAAB0311DD5B5E900014C18 /* Products */ = {
			isa = PBXGroup;
			children = (
				9DAAB0301DD5B5E900014C18 /* StorageManage.app */,
			);
			name = Products;
			sourceTree = "<group>";
		};
		9DAAB0321DD5B5E900014C18 /* StorageManage */ = {
			isa = PBXGroup;
			children = (
				9DAAB0331DD5B5E900014C18 /* AppDelegate.swift */,
				9DAAB0351DD5B5E900014C18 /* ViewController.swift */,
				9DAAB0371DD5B5E900014C18 /* Assets.xcassets */,
				9DAAB0391DD5B5E900014C18 /* Main.storyboard */,
				9DAAB03C1DD5B5E900014C18 /* Info.plist */,
			);
			path = StorageManage;
			sourceTree = "<group>";
		};
/* End PBXGroup section */

/* Begin PBXNativeTarget section */
		9DAAB02F1DD5B5E900014C18 /* StorageManage */ = {
			isa = PBXNativeTarget;
			buildConfigurationList = 9DAAB03F1DD5B5E900014C18 /* Build configuration list for PBXNativeTarget "StorageManage" */;
			buildPhases = (
				9DAAB02C1DD5B5E900014C18 /* Sources */,
				9DAAB02D1DD5B5E900014C18 /* Frameworks */,
				9DAAB02E1DD5B5E900014C18 /* Resources */,
			);
			buildRules = (
			);
			dependencies = (
			);
			name = StorageManage;
			productName = StorageManage;
			productReference = 9DAAB0301DD5B5E900014C18 /* StorageManage.app */;
			productType = "com.apple.product-type.application";
		};
/* End PBXNativeTarget section */

/* Begin PBXProject section */
		9DAAB0281DD5B5E800014C18 /* Project object */ = {
			isa = PBXProject;
			attributes = {
				LastSwiftUpdateCheck = 0810;
				LastUpgradeCheck = 0810;
				ORGANIZATIONNAME = "何成健";
				TargetAttributes = {
					9DAAB02F1DD5B5E900014C18 = {
						CreatedOnToolsVersion = 8.1;
						ProvisioningStyle = Automatic;
					};
				};
			};
			buildConfigurationList = 9DAAB02B1DD5B5E800014C18 /* Build configuration list for PBXProject "StorageManage" */;
			compatibilityVersion = "Xcode 3.2";
			developmentRegion = English;
			hasScannedForEncodings = 0;
			knownRegions = (
				en,
				Base,
			);
			mainGroup = 9DAAB0271DD5B5E800014C18;
			productRefGroup = 9DAAB0311DD5B5E900014C18 /* Products */;
			projectDirPath = "";
			projectRoot = "";
			targets = (
				9DAAB02F1DD5B5E900014C18 /* StorageManage */,
			);
		};
/* End PBXProject section */

/* Begin PBXResourcesBuildPhase section */
		9DAAB02E1DD5B5E900014C18 /* Resources */ = {
			isa = PBXResourcesBuildPhase;
			buildActionMask = 2147483647;
			files = (
				9DAAB0381DD5B5E900014C18 /* Assets.xcassets in Resources */,
				9DAAB03B1DD5B5E900014C18 /* Main.storyboard in Resources */,
			);
			runOnlyForDeploymentPostprocessing = 0;
		};
/* End PBXResourcesBuildPhase section */

/* Begin PBXSourcesBuildPhase section */
		9DAAB02C1DD5B5E900014C18 /* Sources */ = {
			isa = PBXSourcesBuildPhase;
			buildActionMask = 2147483647;
			files = (
				9DAAB0361DD5B5E900014C18 /* ViewController.swift in Sources */,
				9DAAB0341DD5B5E900014C18 /* AppDelegate.swift in Sources */,
			);
			runOnlyForDeploymentPostprocessing = 0;
		};
/* End PBXSourcesBuildPhase section */

/* Begin PBXVariantGroup section */
		9DAAB0391DD5B5E900014C18 /* Main.storyboard */ = {
			isa = PBXVariantGroup;
			children = (
				9DAAB03A1DD5B5E900014C18 /* Base */,
			);
			name = Main.storyboard;
			sourceTree = "<group>";
		};
/* End PBXVariantGroup section */

/* Begin XCBuildConfiguration section */
		9DAAB03D1DD5B5E900014C18 /* Debug */ = {
			isa = XCBuildConfiguration;
			buildSettings = {
				ALWAYS_SEARCH_USER_PATHS = NO;
				CLANG_ANALYZER_NONNULL = YES;
				CLANG_CXX_LANGUAGE_STANDARD = "gnu++0x";
				CLANG_CXX_LIBRARY = "libc++";
				CLANG_ENABLE_MODULES = YES;
				CLANG_ENABLE_OBJC_ARC = YES;
				CLANG_WARN_BOOL_CONVERSION = YES;
				CLANG_WARN_CONSTANT_CONVERSION = YES;
				CLANG_WARN_DIRECT_OBJC_ISA_USAGE = YES_ERROR;
				CLANG_WARN_DOCUMENTATION_COMMENTS = YES;
				CLANG_WARN_EMPTY_BODY = YES;
				CLANG_WARN_ENUM_CONVERSION = YES;
				CLANG_WARN_INFINITE_RECURSION = YES;
				CLANG_WARN_INT_CONVERSION = YES;
				CLANG_WARN_OBJC_ROOT_CLASS = YES_ERROR;
				CLANG_WARN_SUSPICIOUS_MOVES = YES;
				CLANG_WARN_UNREACHABLE_CODE = YES;
				CLANG_WARN__DUPLICATE_METHOD_MATCH = YES;
				CODE_SIGN_IDENTITY = "-";
				COPY_PHASE_STRIP = NO;
				DEBUG_INFORMATION_FORMAT = dwarf;
				ENABLE_STRICT_OBJC_MSGSEND = YES;
				ENABLE_TESTABILITY = YES;
				GCC_C_LANGUAGE_STANDARD = gnu99;
				GCC_DYNAMIC_NO_PIC = NO;
				GCC_NO_COMMON_BLOCKS = YES;
				GCC_OPTIMIZATION_LEVEL = 0;
				GCC_PREPROCESSOR_DEFINITIONS = (
					"DEBUG=1",
					"$(inherited)",
				);
				GCC_WARN_64_TO_32_BIT_CONVERSION = YES;
				GCC_WARN_ABOUT_RETURN_TYPE = YES_ERROR;
				GCC_WARN_UNDECLARED_SELECTOR = YES;
				GCC_WARN_UNINITIALIZED_AUTOS = YES_AGGRESSIVE;
				GCC_WARN_UNUSED_FUNCTION = YES;
				GCC_WARN_UNUSED_VARIABLE = YES;
				MACOSX_DEPLOYMENT_TARGET = 10.11;
				MTL_ENABLE_DEBUG_INFO = YES;
				ONLY_ACTIVE_ARCH = YES;
				SDKROOT = macosx;
				SWIFT_ACTIVE_COMPILATION_CONDITIONS = DEBUG;
				SWIFT_OPTIMIZATION_LEVEL = "-Onone";
			};
			name = Debug;
		};
		9DAAB03E1DD5B5E900014C18 /* Release */ = {
			isa = XCBuildConfiguration;
			buildSettings = {
				ALWAYS_SEARCH_USER_PATHS = NO;
				CLANG_ANALYZER_NONNULL = YES;
				CLANG_CXX_LANGUAGE_STANDARD = "gnu++0x";
				CLANG_CXX_LIBRARY = "libc++";
				CLANG_ENABLE_MODULES = YES;
				CLANG_ENABLE_OBJC_ARC = YES;
				CLANG_WARN_BOOL_CONVERSION = YES;
				CLANG_WARN_CONSTANT_CONVERSION = YES;
				CLANG_WARN_DIRECT_OBJC_ISA_USAGE = YES_ERROR;
				CLANG_WARN_DOCUMENTATION_COMMENTS = YES;
				CLANG_WARN_EMPTY_BODY = YES;
				CLANG_WARN_ENUM_CONVERSION = YES;
				CLANG_WARN_INFINITE_RECURSION = YES;
				CLANG_WARN_INT_CONVERSION = YES;
				CLANG_WARN_OBJC_ROOT_CLASS = YES_ERROR;
				CLANG_WARN_SUSPICIOUS_MOVES = YES;
				CLANG_WARN_UNREACHABLE_CODE = YES;
				CLANG_WARN__DUPLICATE_METHOD_MATCH = YES;
				CODE_SIGN_IDENTITY = "-";
				COPY_PHASE_STRIP = NO;
				DEBUG_INFORMATION_FORMAT = "dwarf-with-dsym";
				ENABLE_NS_ASSERTIONS = NO;
				ENABLE_STRICT_OBJC_MSGSEND = YES;
				GCC_C_LANGUAGE_STANDARD = gnu99;
				GCC_NO_COMMON_BLOCKS = YES;
				GCC_WARN_64_TO_32_BIT_CONVERSION = YES;
				GCC_WARN_ABOUT_RETURN_TYPE = YES_ERROR;
				GCC_WARN_UNDECLARED_SELECTOR = YES;
				GCC_WARN_UNINITIALIZED_AUTOS = YES_AGGRESSIVE;
				GCC_WARN_UNUSED_FUNCTION = YES;
				GCC_WARN_UNUSED_VARIABLE = YES;
				MACOSX_DEPLOYMENT_TARGET = 10.11;
				MTL_ENABLE_DEBUG_INFO = NO;
				SDKROOT = macosx;
				SWIFT_OPTIMIZATION_LEVEL = "-Owholemodule";
			};
			name = Release;
		};
		9DAAB0401DD5B5E900014C18 /* Debug */ = {
			isa = XCBuildConfiguration;
			buildSettings = {
				ASSETCATALOG_COMPILER_APPICON_NAME = AppIcon;
				COMBINE_HIDPI_IMAGES = YES;
				INFOPLIST_FILE = StorageManage/Info.plist;
				LD_RUNPATH_SEARCH_PATHS = "$(inherited) @executable_path/../Frameworks";
				PRODUCT_BUNDLE_IDENTIFIER = com.chien.StorageManage;
				PRODUCT_NAME = "$(TARGET_NAME)";
				SWIFT_VERSION = 3.0;
			};
			name = Debug;
		};
		9DAAB0411DD5B5E900014C18 /* Release */ = {
			isa = XCBuildConfiguration;
			buildSettings = {
				ASSETCATALOG_COMPILER_APPICON_NAME = AppIcon;
				COMBINE_HIDPI_IMAGES = YES;
				INFOPLIST_FILE = StorageManage/Info.plist;
				LD_RUNPATH_SEARCH_PATHS = "$(inherited) @executable_path/../Frameworks";
				PRODUCT_BUNDLE_IDENTIFIER = com.chien.StorageManage;
				PRODUCT_NAME = "$(TARGET_NAME)";
				SWIFT_VERSION = 3.0;
			};
			name = Release;
		};
/* End XCBuildConfiguration section */

/* Begin XCConfigurationList section */
		9DAAB02B1DD5B5E800014C18 /* Build configuration list for PBXProject "StorageManage" */ = {
			isa = XCConfigurationList;
			buildConfigurations = (
				9DAAB03D1DD5B5E900014C18 /* Debug */,
				9DAAB03E1DD5B5E900014C18 /* Release */,
			);
			defaultConfigurationIsVisible = 0;
			defaultConfigurationName = Release;
		};
		9DAAB03F1DD5B5E900014C18 /* Build configuration list for PBXNativeTarget "StorageManage" */ = {
			isa = XCConfigurationList;
			buildConfigurations = (
				9DAAB0401DD5B5E900014C18 /* Debug */,
				9DAAB0411DD5B5E900014C18 /* Release */,
			);
			defaultConfigurationIsVisible = 0;
		};
/* End XCConfigurationList section */
	};
	rootObject = 9DAAB0281DD5B5E800014C18 /* Project object */;
}
